// !$*UTF8*$!
{
	archiveVersion = 1;
	classes = {
	};
	objectVersion = 55;
	objects = {

/* Begin PBXBuildFile section */
		04F4164B27D89C7800B63D80 /* AppDelegate.swift in Sources */ = {isa = PBXBuildFile; fileRef = 04F4164A27D89C7800B63D80 /* AppDelegate.swift */; };
		04F4164D27D89C7800B63D80 /* SceneDelegate.swift in Sources */ = {isa = PBXBuildFile; fileRef = 04F4164C27D89C7800B63D80 /* SceneDelegate.swift */; };
		04F4165427D89C7A00B63D80 /* Assets.xcassets in Resources */ = {isa = PBXBuildFile; fileRef = 04F4165327D89C7A00B63D80 /* Assets.xcassets */; };
		04F4165727D89C7A00B63D80 /* LaunchScreen.storyboard in Resources */ = {isa = PBXBuildFile; fileRef = 04F4165527D89C7A00B63D80 /* LaunchScreen.storyboard */; };
		04F4165F27D8A13600B63D80 /* HomeViewController.swift in Sources */ = {isa = PBXBuildFile; fileRef = 04F4165E27D8A13600B63D80 /* HomeViewController.swift */; };
		04F4166327D8A17100B63D80 /* MainViewController.swift in Sources */ = {isa = PBXBuildFile; fileRef = 04F4166127D8A17000B63D80 /* MainViewController.swift */; };
		04F4166427D8A17100B63D80 /* NavigationController.swift in Sources */ = {isa = PBXBuildFile; fileRef = 04F4166227D8A17100B63D80 /* NavigationController.swift */; };
		04F4166627D8A19B00B63D80 /* MineViewController.swift in Sources */ = {isa = PBXBuildFile; fileRef = 04F4166527D8A19B00B63D80 /* MineViewController.swift */; };
		04F4167127D8A28900B63D80 /* NavBarView.swift in Sources */ = {isa = PBXBuildFile; fileRef = 04F4166A27D8A28900B63D80 /* NavBarView.swift */; };
		04F4167227D8A28900B63D80 /* WaterfallFlowLayout.swift in Sources */ = {isa = PBXBuildFile; fileRef = 04F4166D27D8A28900B63D80 /* WaterfallFlowLayout.swift */; };
		04F4167327D8A28900B63D80 /* WaterfallMutiSectionFlowLayout.swift in Sources */ = {isa = PBXBuildFile; fileRef = 04F4166E27D8A28900B63D80 /* WaterfallMutiSectionFlowLayout.swift */; };
		04F4167427D8A28900B63D80 /* Screen.swift in Sources */ = {isa = PBXBuildFile; fileRef = 04F4167027D8A28900B63D80 /* Screen.swift */; };
		04F4167727D9996400B63D80 /* ScrollViewController.swift in Sources */ = {isa = PBXBuildFile; fileRef = 04F4167627D9996400B63D80 /* ScrollViewController.swift */; };
		04F4167B27D9D6EE00B63D80 /* TextCell.swift in Sources */ = {isa = PBXBuildFile; fileRef = 04F4167A27D9D6EE00B63D80 /* TextCell.swift */; };
		04F4167E27D9D74C00B63D80 /* HomeViewModel.swift in Sources */ = {isa = PBXBuildFile; fileRef = 04F4167D27D9D74C00B63D80 /* HomeViewModel.swift */; };
		04F4168027D9DAF100B63D80 /* CollectionViewController.swift in Sources */ = {isa = PBXBuildFile; fileRef = 04F4167F27D9DAF100B63D80 /* CollectionViewController.swift */; };
		FF9EB72E2897E5C07CAF5FF1 /* Pods_swift_func.framework in Frameworks */ = {isa = PBXBuildFile; fileRef = F3B818D1247E1C5025B0A524 /* Pods_swift_func.framework */; };
/* End PBXBuildFile section */

/* Begin PBXFileReference section */
		043F1307E1225F932A148FD1 /* Pods-swift_func.release.xcconfig */ = {isa = PBXFileReference; includeInIndex = 1; lastKnownFileType = text.xcconfig; name = "Pods-swift_func.release.xcconfig"; path = "Target Support Files/Pods-swift_func/Pods-swift_func.release.xcconfig"; sourceTree = "<group>"; };
		04F4164727D89C7800B63D80 /* swift_func.app */ = {isa = PBXFileReference; explicitFileType = wrapper.application; includeInIndex = 0; path = swift_func.app; sourceTree = BUILT_PRODUCTS_DIR; };
		04F4164A27D89C7800B63D80 /* AppDelegate.swift */ = {isa = PBXFileReference; lastKnownFileType = sourcecode.swift; path = AppDelegate.swift; sourceTree = "<group>"; };
		04F4164C27D89C7800B63D80 /* SceneDelegate.swift */ = {isa = PBXFileReference; lastKnownFileType = sourcecode.swift; path = SceneDelegate.swift; sourceTree = "<group>"; };
		04F4165327D89C7A00B63D80 /* Assets.xcassets */ = {isa = PBXFileReference; lastKnownFileType = folder.assetcatalog; path = Assets.xcassets; sourceTree = "<group>"; };
		04F4165627D89C7A00B63D80 /* Base */ = {isa = PBXFileReference; lastKnownFileType = file.storyboard; name = Base; path = Base.lproj/LaunchScreen.storyboard; sourceTree = "<group>"; };
		04F4165827D89C7A00B63D80 /* Info.plist */ = {isa = PBXFileReference; lastKnownFileType = text.plist.xml; path = Info.plist; sourceTree = "<group>"; };
		04F4165E27D8A13600B63D80 /* HomeViewController.swift */ = {isa = PBXFileReference; lastKnownFileType = sourcecode.swift; path = HomeViewController.swift; sourceTree = "<group>"; };
		04F4166127D8A17000B63D80 /* MainViewController.swift */ = {isa = PBXFileReference; fileEncoding = 4; lastKnownFileType = sourcecode.swift; path = MainViewController.swift; sourceTree = "<group>"; };
		04F4166227D8A17100B63D80 /* NavigationController.swift */ = {isa = PBXFileReference; fileEncoding = 4; lastKnownFileType = sourcecode.swift; path = NavigationController.swift; sourceTree = "<group>"; };
		04F4166527D8A19B00B63D80 /* MineViewController.swift */ = {isa = PBXFileReference; lastKnownFileType = sourcecode.swift; path = MineViewController.swift; sourceTree = "<group>"; };
		04F4166A27D8A28900B63D80 /* NavBarView.swift */ = {isa = PBXFileReference; fileEncoding = 4; lastKnownFileType = sourcecode.swift; path = NavBarView.swift; sourceTree = "<group>"; };
		04F4166D27D8A28900B63D80 /* WaterfallFlowLayout.swift */ = {isa = PBXFileReference; fileEncoding = 4; lastKnownFileType = sourcecode.swift; path = WaterfallFlowLayout.swift; sourceTree = "<group>"; };
		04F4166E27D8A28900B63D80 /* WaterfallMutiSectionFlowLayout.swift */ = {isa = PBXFileReference; fileEncoding = 4; lastKnownFileType = sourcecode.swift; path = WaterfallMutiSectionFlowLayout.swift; sourceTree = "<group>"; };
		04F4167027D8A28900B63D80 /* Screen.swift */ = {isa = PBXFileReference; fileEncoding = 4; lastKnownFileType = sourcecode.swift; path = Screen.swift; sourceTree = "<group>"; };
		04F4167627D9996400B63D80 /* ScrollViewController.swift */ = {isa = PBXFileReference; fileEncoding = 4; lastKnownFileType = sourcecode.swift; path = ScrollViewController.swift; sourceTree = "<group>"; };
		04F4167A27D9D6EE00B63D80 /* TextCell.swift */ = {isa = PBXFileReference; lastKnownFileType = sourcecode.swift; path = TextCell.swift; sourceTree = "<group>"; };
		04F4167D27D9D74C00B63D80 /* HomeViewModel.swift */ = {isa = PBXFileReference; lastKnownFileType = sourcecode.swift; path = HomeViewModel.swift; sourceTree = "<group>"; };
		04F4167F27D9DAF100B63D80 /* CollectionViewController.swift */ = {isa = PBXFileReference; lastKnownFileType = sourcecode.swift; path = CollectionViewController.swift; sourceTree = "<group>"; };
		3C6B62064FA217E69F0E0F46 /* Pods-swift_func.debug.xcconfig */ = {isa = PBXFileReference; includeInIndex = 1; lastKnownFileType = text.xcconfig; name = "Pods-swift_func.debug.xcconfig"; path = "Target Support Files/Pods-swift_func/Pods-swift_func.debug.xcconfig"; sourceTree = "<group>"; };
		F3B818D1247E1C5025B0A524 /* Pods_swift_func.framework */ = {isa = PBXFileReference; explicitFileType = wrapper.framework; includeInIndex = 0; path = Pods_swift_func.framework; sourceTree = BUILT_PRODUCTS_DIR; };
/* End PBXFileReference section */

/* Begin PBXFrameworksBuildPhase section */
		04F4164427D89C7800B63D80 /* Frameworks */ = {
			isa = PBXFrameworksBuildPhase;
			buildActionMask = 2147483647;
			files = (
				FF9EB72E2897E5C07CAF5FF1 /* Pods_swift_func.framework in Frameworks */,
			);
			runOnlyForDeploymentPostprocessing = 0;
		};
/* End PBXFrameworksBuildPhase section */

/* Begin PBXGroup section */
		04F4163E27D89C7800B63D80 = {
			isa = PBXGroup;
			children = (
				04F4164927D89C7800B63D80 /* swift_func */,
				04F4164827D89C7800B63D80 /* Products */,
				23204D69C43435A3E27CB4C3 /* Pods */,
				8E0D1F2896F7F38D70FE3E60 /* Frameworks */,
			);
			sourceTree = "<group>";
		};
		04F4164827D89C7800B63D80 /* Products */ = {
			isa = PBXGroup;
			children = (
				04F4164727D89C7800B63D80 /* swift_func.app */,
			);
			name = Products;
			sourceTree = "<group>";
		};
		04F4164927D89C7800B63D80 /* swift_func */ = {
			isa = PBXGroup;
			children = (
				04F4164A27D89C7800B63D80 /* AppDelegate.swift */,
				04F4164C27D89C7800B63D80 /* SceneDelegate.swift */,
				04F4166027D8A15700B63D80 /* Base */,
				04F4166727D8A25500B63D80 /* Home */,
				04F4166827D8A25B00B63D80 /* Mine */,
				04F4166927D8A28900B63D80 /* Public */,
				04F4166B27D8A28900B63D80 /* Tools */,
				04F4165327D89C7A00B63D80 /* Assets.xcassets */,
				04F4165527D89C7A00B63D80 /* LaunchScreen.storyboard */,
				04F4165827D89C7A00B63D80 /* Info.plist */,
			);
			path = swift_func;
			sourceTree = "<group>";
		};
		04F4166027D8A15700B63D80 /* Base */ = {
			isa = PBXGroup;
			children = (
				04F4166127D8A17000B63D80 /* MainViewController.swift */,
				04F4166227D8A17100B63D80 /* NavigationController.swift */,
			);
			path = Base;
			sourceTree = "<group>";
		};
		04F4166727D8A25500B63D80 /* Home */ = {
			isa = PBXGroup;
			children = (
				04F4167C27D9D72D00B63D80 /* ViewModel */,
				04F4167827D9D6A900B63D80 /* Cell */,
				04F4167527D9996400B63D80 /* VC */,
				04F4165E27D8A13600B63D80 /* HomeViewController.swift */,
			);
			path = Home;
			sourceTree = "<group>";
		};
		04F4166827D8A25B00B63D80 /* Mine */ = {
			isa = PBXGroup;
			children = (
				04F4166527D8A19B00B63D80 /* MineViewController.swift */,
			);
			path = Mine;
			sourceTree = "<group>";
		};
		04F4166927D8A28900B63D80 /* Public */ = {
			isa = PBXGroup;
			children = (
				04F4166A27D8A28900B63D80 /* NavBarView.swift */,
			);
			path = Public;
			sourceTree = "<group>";
		};
		04F4166B27D8A28900B63D80 /* Tools */ = {
			isa = PBXGroup;
			children = (
				04F4166C27D8A28900B63D80 /* Waterfall */,
				04F4166F27D8A28900B63D80 /* Screen */,
			);
			path = Tools;
			sourceTree = "<group>";
		};
		04F4166C27D8A28900B63D80 /* Waterfall */ = {
			isa = PBXGroup;
			children = (
				04F4166D27D8A28900B63D80 /* WaterfallFlowLayout.swift */,
				04F4166E27D8A28900B63D80 /* WaterfallMutiSectionFlowLayout.swift */,
			);
			path = Waterfall;
			sourceTree = "<group>";
		};
		04F4166F27D8A28900B63D80 /* Screen */ = {
			isa = PBXGroup;
			children = (
				04F4167027D8A28900B63D80 /* Screen.swift */,
			);
			path = Screen;
			sourceTree = "<group>";
		};
		04F4167527D9996400B63D80 /* VC */ = {
			isa = PBXGroup;
			children = (
				04F4167627D9996400B63D80 /* ScrollViewController.swift */,
				04F4167F27D9DAF100B63D80 /* CollectionViewController.swift */,
			);
			path = VC;
			sourceTree = "<group>";
		};
		04F4167827D9D6A900B63D80 /* Cell */ = {
			isa = PBXGroup;
			children = (
				04F4167927D9D6B200B63D80 /* TextCell */,
			);
			path = Cell;
			sourceTree = "<group>";
		};
		04F4167927D9D6B200B63D80 /* TextCell */ = {
			isa = PBXGroup;
			children = (
				04F4167A27D9D6EE00B63D80 /* TextCell.swift */,
			);
			path = TextCell;
			sourceTree = "<group>";
		};
		04F4167C27D9D72D00B63D80 /* ViewModel */ = {
			isa = PBXGroup;
			children = (
				04F4167D27D9D74C00B63D80 /* HomeViewModel.swift */,
			);
			path = ViewModel;
			sourceTree = "<group>";
		};
		23204D69C43435A3E27CB4C3 /* Pods */ = {
			isa = PBXGroup;
			children = (
				3C6B62064FA217E69F0E0F46 /* Pods-swift_func.debug.xcconfig */,
				043F1307E1225F932A148FD1 /* Pods-swift_func.release.xcconfig */,
			);
			path = Pods;
			sourceTree = "<group>";
		};
		8E0D1F2896F7F38D70FE3E60 /* Frameworks */ = {
			isa = PBXGroup;
			children = (
				F3B818D1247E1C5025B0A524 /* Pods_swift_func.framework */,
			);
			name = Frameworks;
			sourceTree = "<group>";
		};
/* End PBXGroup section */

/* Begin PBXNativeTarget section */
		04F4164627D89C7800B63D80 /* swift_func */ = {
			isa = PBXNativeTarget;
			buildConfigurationList = 04F4165B27D89C7A00B63D80 /* Build configuration list for PBXNativeTarget "swift_func" */;
			buildPhases = (
				ECB9215A703373E0D03C1B9E /* [CP] Check Pods Manifest.lock */,
				04F4164327D89C7800B63D80 /* Sources */,
				04F4164427D89C7800B63D80 /* Frameworks */,
				04F4164527D89C7800B63D80 /* Resources */,
				3128616F60FED1EF140C162B /* [CP] Embed Pods Frameworks */,
			);
			buildRules = (
			);
			dependencies = (
			);
			name = swift_func;
			productName = swift_func;
			productReference = 04F4164727D89C7800B63D80 /* swift_func.app */;
			productType = "com.apple.product-type.application";
		};
/* End PBXNativeTarget section */

/* Begin PBXProject section */
		04F4163F27D89C7800B63D80 /* Project object */ = {
			isa = PBXProject;
			attributes = {
				BuildIndependentTargetsInParallel = 1;
				LastSwiftUpdateCheck = 1320;
				LastUpgradeCheck = 1320;
				TargetAttributes = {
					04F4164627D89C7800B63D80 = {
						CreatedOnToolsVersion = 13.2.1;
					};
				};
			};
			buildConfigurationList = 04F4164227D89C7800B63D80 /* Build configuration list for PBXProject "swift_func" */;
			compatibilityVersion = "Xcode 13.0";
			developmentRegion = en;
			hasScannedForEncodings = 0;
			knownRegions = (
				en,
				Base,
			);
			mainGroup = 04F4163E27D89C7800B63D80;
			productRefGroup = 04F4164827D89C7800B63D80 /* Products */;
			projectDirPath = "";
			projectRoot = "";
			targets = (
				04F4164627D89C7800B63D80 /* swift_func */,
			);
		};
/* End PBXProject section */

/* Begin PBXResourcesBuildPhase section */
		04F4164527D89C7800B63D80 /* Resources */ = {
			isa = PBXResourcesBuildPhase;
			buildActionMask = 2147483647;
			files = (
				04F4165727D89C7A00B63D80 /* LaunchScreen.storyboard in Resources */,
				04F4165427D89C7A00B63D80 /* Assets.xcassets in Resources */,
			);
			runOnlyForDeploymentPostprocessing = 0;
		};
/* End PBXResourcesBuildPhase section */

/* Begin PBXShellScriptBuildPhase section */
		3128616F60FED1EF140C162B /* [CP] Embed Pods Frameworks */ = {
			isa = PBXShellScriptBuildPhase;
			buildActionMask = 2147483647;
			files = (
			);
			inputFileListPaths = (
				"${PODS_ROOT}/Target Support Files/Pods-swift_func/Pods-swift_func-frameworks-${CONFIGURATION}-input-files.xcfilelist",
			);
			name = "[CP] Embed Pods Frameworks";
			outputFileListPaths = (
				"${PODS_ROOT}/Target Support Files/Pods-swift_func/Pods-swift_func-frameworks-${CONFIGURATION}-output-files.xcfilelist",
			);
			runOnlyForDeploymentPostprocessing = 0;
			shellPath = /bin/sh;
			shellScript = "\"${PODS_ROOT}/Target Support Files/Pods-swift_func/Pods-swift_func-frameworks.sh\"\n";
			showEnvVarsInLog = 0;
		};
		ECB9215A703373E0D03C1B9E /* [CP] Check Pods Manifest.lock */ = {
			isa = PBXShellScriptBuildPhase;
			buildActionMask = 2147483647;
			files = (
			);
			inputFileListPaths = (
			);
			inputPaths = (
				"${PODS_PODFILE_DIR_PATH}/Podfile.lock",
				"${PODS_ROOT}/Manifest.lock",
			);
			name = "[CP] Check Pods Manifest.lock";
			outputFileListPaths = (
			);
			outputPaths = (
				"$(DERIVED_FILE_DIR)/Pods-swift_func-checkManifestLockResult.txt",
			);
			runOnlyForDeploymentPostprocessing = 0;
			shellPath = /bin/sh;
			shellScript = "diff \"${PODS_PODFILE_DIR_PATH}/Podfile.lock\" \"${PODS_ROOT}/Manifest.lock\" > /dev/null\nif [ $? != 0 ] ; then\n    # print error to STDERR\n    echo \"error: The sandbox is not in sync with the Podfile.lock. Run 'pod install' or update your CocoaPods installation.\" >&2\n    exit 1\nfi\n# This output is used by Xcode 'outputs' to avoid re-running this script phase.\necho \"SUCCESS\" > \"${SCRIPT_OUTPUT_FILE_0}\"\n";
			showEnvVarsInLog = 0;
		};
/* End PBXShellScriptBuildPhase section */

/* Begin PBXSourcesBuildPhase section */
		04F4164327D89C7800B63D80 /* Sources */ = {
			isa = PBXSourcesBuildPhase;
			buildActionMask = 2147483647;
			files = (
				04F4166427D8A17100B63D80 /* NavigationController.swift in Sources */,
				04F4164B27D89C7800B63D80 /* AppDelegate.swift in Sources */,
				04F4166627D8A19B00B63D80 /* MineViewController.swift in Sources */,
				04F4164D27D89C7800B63D80 /* SceneDelegate.swift in Sources */,
				04F4168027D9DAF100B63D80 /* CollectionViewController.swift in Sources */,
				04F4167227D8A28900B63D80 /* WaterfallFlowLayout.swift in Sources */,
				04F4167427D8A28900B63D80 /* Screen.swift in Sources */,
				04F4167327D8A28900B63D80 /* WaterfallMutiSectionFlowLayout.swift in Sources */,
				04F4167727D9996400B63D80 /* ScrollViewController.swift in Sources */,
				04F4167E27D9D74C00B63D80 /* HomeViewModel.swift in Sources */,
				04F4167127D8A28900B63D80 /* NavBarView.swift in Sources */,
				04F4165F27D8A13600B63D80 /* HomeViewController.swift in Sources */,
				04F4167B27D9D6EE00B63D80 /* TextCell.swift in Sources */,
				04F4166327D8A17100B63D80 /* MainViewController.swift in Sources */,
			);
			runOnlyForDeploymentPostprocessing = 0;
		};
/* End PBXSourcesBuildPhase section */

/* Begin PBXVariantGroup section */
		04F4165527D89C7A00B63D80 /* LaunchScreen.storyboard */ = {
			isa = PBXVariantGroup;
			children = (
				04F4165627D89C7A00B63D80 /* Base */,
			);
			name = LaunchScreen.storyboard;
			sourceTree = "<group>";
		};
/* End PBXVariantGroup section */

/* Begin XCBuildConfiguration section */
		04F4165927D89C7A00B63D80 /* Debug */ = {
			isa = XCBuildConfiguration;
			buildSettings = {
				ALWAYS_SEARCH_USER_PATHS = NO;
				CLANG_ANALYZER_NONNULL = YES;
				CLANG_ANALYZER_NUMBER_OBJECT_CONVERSION = YES_AGGRESSIVE;
				CLANG_CXX_LANGUAGE_STANDARD = "gnu++17";
				CLANG_CXX_LIBRARY = "libc++";
				CLANG_ENABLE_MODULES = YES;
				CLANG_ENABLE_OBJC_ARC = YES;
				CLANG_ENABLE_OBJC_WEAK = YES;
				CLANG_WARN_BLOCK_CAPTURE_AUTORELEASING = YES;
				CLANG_WARN_BOOL_CONVERSION = YES;
				CLANG_WARN_COMMA = YES;
				CLANG_WARN_CONSTANT_CONVERSION = YES;
				CLANG_WARN_DEPRECATED_OBJC_IMPLEMENTATIONS = YES;
				CLANG_WARN_DIRECT_OBJC_ISA_USAGE = YES_ERROR;
				CLANG_WARN_DOCUMENTATION_COMMENTS = YES;
				CLANG_WARN_EMPTY_BODY = YES;
				CLANG_WARN_ENUM_CONVERSION = YES;
				CLANG_WARN_INFINITE_RECURSION = YES;
				CLANG_WARN_INT_CONVERSION = YES;
				CLANG_WARN_NON_LITERAL_NULL_CONVERSION = YES;
				CLANG_WARN_OBJC_IMPLICIT_RETAIN_SELF = YES;
				CLANG_WARN_OBJC_LITERAL_CONVERSION = YES;
				CLANG_WARN_OBJC_ROOT_CLASS = YES_ERROR;
				CLANG_WARN_QUOTED_INCLUDE_IN_FRAMEWORK_HEADER = YES;
				CLANG_WARN_RANGE_LOOP_ANALYSIS = YES;
				CLANG_WARN_STRICT_PROTOTYPES = YES;
				CLANG_WARN_SUSPICIOUS_MOVE = YES;
				CLANG_WARN_UNGUARDED_AVAILABILITY = YES_AGGRESSIVE;
				CLANG_WARN_UNREACHABLE_CODE = YES;
				CLANG_WARN__DUPLICATE_METHOD_MATCH = YES;
				COPY_PHASE_STRIP = NO;
				DEBUG_INFORMATION_FORMAT = dwarf;
				ENABLE_STRICT_OBJC_MSGSEND = YES;
				ENABLE_TESTABILITY = YES;
				GCC_C_LANGUAGE_STANDARD = gnu11;
				GCC_DYNAMIC_NO_PIC = NO;
				GCC_NO_COMMON_BLOCKS = YES;
				GCC_OPTIMIZATION_LEVEL = 0;
				GCC_PREPROCESSOR_DEFINITIONS = (
					"DEBUG=1",
					"$(inherited)",
				);
				GCC_WARN_64_TO_32_BIT_CONVERSION = YES;
				GCC_WARN_ABOUT_RETURN_TYPE = YES_ERROR;
				GCC_WARN_UNDECLARED_SELECTOR = YES;
				GCC_WARN_UNINITIALIZED_AUTOS = YES_AGGRESSIVE;
				GCC_WARN_UNUSED_FUNCTION = YES;
				GCC_WARN_UNUSED_VARIABLE = YES;
				IPHONEOS_DEPLOYMENT_TARGET = 11.0;
				MTL_ENABLE_DEBUG_INFO = INCLUDE_SOURCE;
				MTL_FAST_MATH = YES;
				ONLY_ACTIVE_ARCH = YES;
				SDKROOT = iphoneos;
				SWIFT_ACTIVE_COMPILATION_CONDITIONS = DEBUG;
				SWIFT_OPTIMIZATION_LEVEL = "-Onone";
			};
			name = Debug;
		};
		04F4165A27D89C7A00B63D80 /* Release */ = {
			isa = XCBuildConfiguration;
			buildSettings = {
				ALWAYS_SEARCH_USER_PATHS = NO;
				CLANG_ANALYZER_NONNULL = YES;
				CLANG_ANALYZER_NUMBER_OBJECT_CONVERSION = YES_AGGRESSIVE;
				CLANG_CXX_LANGUAGE_STANDARD = "gnu++17";
				CLANG_CXX_LIBRARY = "libc++";
				CLANG_ENABLE_MODULES = YES;
				CLANG_ENABLE_OBJC_ARC = YES;
				CLANG_ENABLE_OBJC_WEAK = YES;
				CLANG_WARN_BLOCK_CAPTURE_AUTORELEASING = YES;
				CLANG_WARN_BOOL_CONVERSION = YES;
				CLANG_WARN_COMMA = YES;
				CLANG_WARN_CONSTANT_CONVERSION = YES;
				CLANG_WARN_DEPRECATED_OBJC_IMPLEMENTATIONS = YES;
				CLANG_WARN_DIRECT_OBJC_ISA_USAGE = YES_ERROR;
				CLANG_WARN_DOCUMENTATION_COMMENTS = YES;
				CLANG_WARN_EMPTY_BODY = YES;
				CLANG_WARN_ENUM_CONVERSION = YES;
				CLANG_WARN_INFINITE_RECURSION = YES;
				CLANG_WARN_INT_CONVERSION = YES;
				CLANG_WARN_NON_LITERAL_NULL_CONVERSION = YES;
				CLANG_WARN_OBJC_IMPLICIT_RETAIN_SELF = YES;
				CLANG_WARN_OBJC_LITERAL_CONVERSION = YES;
				CLANG_WARN_OBJC_ROOT_CLASS = YES_ERROR;
				CLANG_WARN_QUOTED_INCLUDE_IN_FRAMEWORK_HEADER = YES;
				CLANG_WARN_RANGE_LOOP_ANALYSIS = YES;
				CLANG_WARN_STRICT_PROTOTYPES = YES;
				CLANG_WARN_SUSPICIOUS_MOVE = YES;
				CLANG_WARN_UNGUARDED_AVAILABILITY = YES_AGGRESSIVE;
				CLANG_WARN_UNREACHABLE_CODE = YES;
				CLANG_WARN__DUPLICATE_METHOD_MATCH = YES;
				COPY_PHASE_STRIP = NO;
				DEBUG_INFORMATION_FORMAT = "dwarf-with-dsym";
				ENABLE_NS_ASSERTIONS = NO;
				ENABLE_STRICT_OBJC_MSGSEND = YES;
				GCC_C_LANGUAGE_STANDARD = gnu11;
				GCC_NO_COMMON_BLOCKS = YES;
				GCC_WARN_64_TO_32_BIT_CONVERSION = YES;
				GCC_WARN_ABOUT_RETURN_TYPE = YES_ERROR;
				GCC_WARN_UNDECLARED_SELECTOR = YES;
				GCC_WARN_UNINITIALIZED_AUTOS = YES_AGGRESSIVE;
				GCC_WARN_UNUSED_FUNCTION = YES;
				GCC_WARN_UNUSED_VARIABLE = YES;
				IPHONEOS_DEPLOYMENT_TARGET = 11.0;
				MTL_ENABLE_DEBUG_INFO = NO;
				MTL_FAST_MATH = YES;
				SDKROOT = iphoneos;
				SWIFT_COMPILATION_MODE = wholemodule;
				SWIFT_OPTIMIZATION_LEVEL = "-O";
				VALIDATE_PRODUCT = YES;
			};
			name = Release;
		};
		04F4165C27D89C7A00B63D80 /* Debug */ = {
			isa = XCBuildConfiguration;
			baseConfigurationReference = 3C6B62064FA217E69F0E0F46 /* Pods-swift_func.debug.xcconfig */;
			buildSettings = {
				ASSETCATALOG_COMPILER_APPICON_NAME = AppIcon;
				ASSETCATALOG_COMPILER_GLOBAL_ACCENT_COLOR_NAME = AccentColor;
				CODE_SIGN_STYLE = Automatic;
				CURRENT_PROJECT_VERSION = 1;
				DEVELOPMENT_TEAM = 8379CTSU8J;
				GENERATE_INFOPLIST_FILE = YES;
				INFOPLIST_FILE = swift_func/Info.plist;
				INFOPLIST_KEY_CFBundleDisplayName = "Swift Func";
				INFOPLIST_KEY_UIApplicationSupportsIndirectInputEvents = YES;
				INFOPLIST_KEY_UILaunchStoryboardName = LaunchScreen;
				INFOPLIST_KEY_UIMainStoryboardFile = LaunchScreen;
				INFOPLIST_KEY_UISupportedInterfaceOrientations = "";
				INFOPLIST_KEY_UISupportedInterfaceOrientations_iPad = "UIInterfaceOrientationPortrait UIInterfaceOrientationPortraitUpsideDown UIInterfaceOrientationLandscapeLeft UIInterfaceOrientationLandscapeRight";
				INFOPLIST_KEY_UISupportedInterfaceOrientations_iPhone = "UIInterfaceOrientationPortrait UIInterfaceOrientationLandscapeLeft UIInterfaceOrientationLandscapeRight";
				IPHONEOS_DEPLOYMENT_TARGET = 11.0;
				LD_RUNPATH_SEARCH_PATHS = (
					"$(inherited)",
					"@executable_path/Frameworks",
				);
				MARKETING_VERSION = 1.0;
				PRODUCT_BUNDLE_IDENTIFIER = "com.cheng.swift-func";
				PRODUCT_NAME = "$(TARGET_NAME)";
				SWIFT_EMIT_LOC_STRINGS = YES;
				SWIFT_VERSION = 5.0;
				TARGETED_DEVICE_FAMILY = "1,2";
			};
			name = Debug;
		};
		04F4165D27D89C7A00B63D80 /* Release */ = {
			isa = XCBuildConfiguration;
			baseConfigurationReference = 043F1307E1225F932A148FD1 /* Pods-swift_func.release.xcconfig */;
			buildSettings = {
				ASSETCATALOG_COMPILER_APPICON_NAME = AppIcon;
				ASSETCATALOG_COMPILER_GLOBAL_ACCENT_COLOR_NAME = AccentColor;
				CODE_SIGN_STYLE = Automatic;
				CURRENT_PROJECT_VERSION = 1;
				DEVELOPMENT_TEAM = 8379CTSU8J;
				GENERATE_INFOPLIST_FILE = YES;
				INFOPLIST_FILE = swift_func/Info.plist;
				INFOPLIST_KEY_CFBundleDisplayName = "Swift Func";
				INFOPLIST_KEY_UIApplicationSupportsIndirectInputEvents = YES;
				INFOPLIST_KEY_UILaunchStoryboardName = LaunchScreen;
				INFOPLIST_KEY_UIMainStoryboardFile = LaunchScreen;
				INFOPLIST_KEY_UISupportedInterfaceOrientations = "";
				INFOPLIST_KEY_UISupportedInterfaceOrientations_iPad = "UIInterfaceOrientationPortrait UIInterfaceOrientationPortraitUpsideDown UIInterfaceOrientationLandscapeLeft UIInterfaceOrientationLandscapeRight";
				INFOPLIST_KEY_UISupportedInterfaceOrientations_iPhone = "UIInterfaceOrientationPortrait UIInterfaceOrientationLandscapeLeft UIInterfaceOrientationLandscapeRight";
				IPHONEOS_DEPLOYMENT_TARGET = 11.0;
				LD_RUNPATH_SEARCH_PATHS = (
					"$(inherited)",
					"@executable_path/Frameworks",
				);
				MARKETING_VERSION = 1.0;
				PRODUCT_BUNDLE_IDENTIFIER = "com.cheng.swift-func";
				PRODUCT_NAME = "$(TARGET_NAME)";
				SWIFT_EMIT_LOC_STRINGS = YES;
				SWIFT_VERSION = 5.0;
				TARGETED_DEVICE_FAMILY = "1,2";
			};
			name = Release;
		};
/* End XCBuildConfiguration section */

/* Begin XCConfigurationList section */
		04F4164227D89C7800B63D80 /* Build configuration list for PBXProject "swift_func" */ = {
			isa = XCConfigurationList;
			buildConfigurations = (
				04F4165927D89C7A00B63D80 /* Debug */,
				04F4165A27D89C7A00B63D80 /* Release */,
			);
			defaultConfigurationIsVisible = 0;
			defaultConfigurationName = Release;
		};
		04F4165B27D89C7A00B63D80 /* Build configuration list for PBXNativeTarget "swift_func" */ = {
			isa = XCConfigurationList;
			buildConfigurations = (
				04F4165C27D89C7A00B63D80 /* Debug */,
				04F4165D27D89C7A00B63D80 /* Release */,
			);
			defaultConfigurationIsVisible = 0;
			defaultConfigurationName = Release;
		};
/* End XCConfigurationList section */
	};
	rootObject = 04F4163F27D89C7800B63D80 /* Project object */;
}
